schema: '2.0'
stages:
  prepare:
    cmd: python -m src.data.make_dataset
    deps:
    - path: data/raw/february/
      hash: md5
      md5: 000468c24d3fb396371bf5be3b573d30.dir
      size: 6163203
      nfiles: 1
    - path: data/raw/january/
      hash: md5
      md5: 21ea8d4eefc8007bddea138845f5a28a.dir
      size: 6377760
      nfiles: 1
    - path: params.yaml
      hash: md5
      md5: d592d418a0c9d4644fd04c2b9764969b
      size: 1228
    - path: src/data/make_dataset.py
      hash: md5
      md5: d0d497893ca3aeb4e883c6c5c7d45d84
      size: 6669
    - path: src/utils/helpers.py
      hash: md5
      md5: bf8a0e2684870a49d12ac219cd55d060
      size: 683
    outs:
    - path: data/interim/clean_interactions.parquet
      hash: md5
      md5: 99e8fa848e533e2ad02f3bff4ee103b9
      size: 433021
  featurize:
    cmd: python -m src.data.build_features
    deps:
    - path: data/interim/clean_interactions.parquet
      hash: md5
      md5: 99e8fa848e533e2ad02f3bff4ee103b9
      size: 433021
    - path: params.yaml
      hash: md5
      md5: d592d418a0c9d4644fd04c2b9764969b
      size: 1228
    - path: src/data/build_features.py
      hash: md5
      md5: 6d763600fc0e59be61a762e7215da44f
      size: 3885
    - path: src/utils/helpers.py
      hash: md5
      md5: bf8a0e2684870a49d12ac219cd55d060
      size: 683
    outs:
    - path: data/processed/items_map.parquet
      hash: md5
      md5: 0b14cb08b3b6a38343ba7c89aa7be6f8
      size: 161657
    - path: data/processed/reference/reference_dataset.parquet
      hash: md5
      md5: 477c074d37fa7179265792af0aceece0
      size: 333650
    - path: data/processed/test_matrix.npz
      hash: md5
      md5: 629949fc2c4a22e8dc584272e30f67a9
      size: 34670
    - path: data/processed/train_matrix.npz
      hash: md5
      md5: 3af032bd5d9651e62d3844e79510fda6
      size: 148296
    - path: data/processed/users_map.parquet
      hash: md5
      md5: 2aa4927bc3f16d82860c1ac34d3ae2a8
      size: 3114
    - path: data/processed/val_matrix.npz
      hash: md5
      md5: 165471cc2eb8c55a77d77745b0c3d4cb
      size: 34166
  train:
    cmd: python -X utf8 -m src.models.train_model
    deps:
    - path: data/processed/train_matrix.npz
      hash: md5
      md5: 3af032bd5d9651e62d3844e79510fda6
      size: 148296
    - path: params.yaml
      hash: md5
      md5: d592d418a0c9d4644fd04c2b9764969b
      size: 1228
    - path: src/models/train_model.py
      hash: md5
      md5: 2dd2edd849d79c825979a2d7990a93c2
      size: 3058
    - path: src/utils/helpers.py
      hash: md5
      md5: bf8a0e2684870a49d12ac219cd55d060
      size: 683
    outs:
    - path: models/als_model.pkl
      hash: md5
      md5: de4ff140ffdc15b9252e7cd873f09bb1
      size: 1946132
  evaluate:
    cmd: python -X utf8 -m src.models.evaluate_model
    deps:
    - path: data/processed/items_map.parquet
      hash: md5
      md5: 0b14cb08b3b6a38343ba7c89aa7be6f8
      size: 161657
    - path: data/processed/test_matrix.npz
      hash: md5
      md5: 629949fc2c4a22e8dc584272e30f67a9
      size: 34670
    - path: data/processed/train_matrix.npz
      hash: md5
      md5: 3af032bd5d9651e62d3844e79510fda6
      size: 148296
    - path: data/processed/users_map.parquet
      hash: md5
      md5: 2aa4927bc3f16d82860c1ac34d3ae2a8
      size: 3114
    - path: data/processed/val_matrix.npz
      hash: md5
      md5: 165471cc2eb8c55a77d77745b0c3d4cb
      size: 34166
    - path: models/als_model.pkl
      hash: md5
      md5: de4ff140ffdc15b9252e7cd873f09bb1
      size: 1946132
    - path: params.yaml
      hash: md5
      md5: d592d418a0c9d4644fd04c2b9764969b
      size: 1228
    - path: src/models/evaluate_model.py
      hash: md5
      md5: 64aab0b17da969086b9fa04519920c22
      size: 6089
    - path: src/utils/helpers.py
      hash: md5
      md5: bf8a0e2684870a49d12ac219cd55d060
      size: 683
    outs:
    - path: metrics.json
      hash: md5
      md5: b8eab168fa29fed183f0ba985b4cba3d
      size: 4697
